// !$*UTF8*$!
{
	archiveVersion = 1;
	classes = {
	};
	objectVersion = 50;
	objects = {

/* Begin PBXBuildFile section */
		D76129C0215E7C1200E763E5 /* AppDelegate.swift in Sources */ = {isa = PBXBuildFile; fileRef = D76129BF215E7C1200E763E5 /* AppDelegate.swift */; };
		D76129C5215E7C1200E763E5 /* Main.storyboard in Resources */ = {isa = PBXBuildFile; fileRef = D76129C3215E7C1200E763E5 /* Main.storyboard */; };
		D76129C7215E7C1300E763E5 /* Assets.xcassets in Resources */ = {isa = PBXBuildFile; fileRef = D76129C6215E7C1300E763E5 /* Assets.xcassets */; };
		D76129CA215E7C1300E763E5 /* LaunchScreen.storyboard in Resources */ = {isa = PBXBuildFile; fileRef = D76129C8215E7C1300E763E5 /* LaunchScreen.storyboard */; };
		D76129D4215E7C2C00E763E5 /* CloudKit.framework in Frameworks */ = {isa = PBXBuildFile; fileRef = D76129D3215E7C2C00E763E5 /* CloudKit.framework */; };
		D76129D6215E7C4300E763E5 /* ContactsListViewController.swift in Sources */ = {isa = PBXBuildFile; fileRef = D76129D5215E7C4300E763E5 /* ContactsListViewController.swift */; };
		D76129D8215E7C4C00E763E5 /* ContactDetailViewController.swift in Sources */ = {isa = PBXBuildFile; fileRef = D76129D7215E7C4C00E763E5 /* ContactDetailViewController.swift */; };
		D76129DA215E7C5F00E763E5 /* Contact.swift in Sources */ = {isa = PBXBuildFile; fileRef = D76129D9215E7C5F00E763E5 /* Contact.swift */; };
		D76129DC215E7C6A00E763E5 /* ContactController.swift in Sources */ = {isa = PBXBuildFile; fileRef = D76129DB215E7C6A00E763E5 /* ContactController.swift */; };
		D76129DE215E865F00E763E5 /* ContactDetailView.swift in Sources */ = {isa = PBXBuildFile; fileRef = D76129DD215E865F00E763E5 /* ContactDetailView.swift */; };
/* End PBXBuildFile section */

/* Begin PBXFileReference section */
		D76129BC215E7C1200E763E5 /* Contacts.app */ = {isa = PBXFileReference; explicitFileType = wrapper.application; includeInIndex = 0; path = Contacts.app; sourceTree = BUILT_PRODUCTS_DIR; };
		D76129BF215E7C1200E763E5 /* AppDelegate.swift */ = {isa = PBXFileReference; lastKnownFileType = sourcecode.swift; path = AppDelegate.swift; sourceTree = "<group>"; };
		D76129C4215E7C1200E763E5 /* Base */ = {isa = PBXFileReference; lastKnownFileType = file.storyboard; name = Base; path = Base.lproj/Main.storyboard; sourceTree = "<group>"; };
		D76129C6215E7C1300E763E5 /* Assets.xcassets */ = {isa = PBXFileReference; lastKnownFileType = folder.assetcatalog; path = Assets.xcassets; sourceTree = "<group>"; };
		D76129C9215E7C1300E763E5 /* Base */ = {isa = PBXFileReference; lastKnownFileType = file.storyboard; name = Base; path = Base.lproj/LaunchScreen.storyboard; sourceTree = "<group>"; };
		D76129CB215E7C1300E763E5 /* Info.plist */ = {isa = PBXFileReference; lastKnownFileType = text.plist.xml; path = Info.plist; sourceTree = "<group>"; };
		D76129D1215E7C2A00E763E5 /* Contacts.entitlements */ = {isa = PBXFileReference; lastKnownFileType = text.plist.entitlements; path = Contacts.entitlements; sourceTree = "<group>"; };
		D76129D3215E7C2C00E763E5 /* CloudKit.framework */ = {isa = PBXFileReference; lastKnownFileType = wrapper.framework; name = CloudKit.framework; path = System/Library/Frameworks/CloudKit.framework; sourceTree = SDKROOT; };
		D76129D5215E7C4300E763E5 /* ContactsListViewController.swift */ = {isa = PBXFileReference; lastKnownFileType = sourcecode.swift; path = ContactsListViewController.swift; sourceTree = "<group>"; };
		D76129D7215E7C4C00E763E5 /* ContactDetailViewController.swift */ = {isa = PBXFileReference; lastKnownFileType = sourcecode.swift; path = ContactDetailViewController.swift; sourceTree = "<group>"; };
		D76129D9215E7C5F00E763E5 /* Contact.swift */ = {isa = PBXFileReference; lastKnownFileType = sourcecode.swift; path = Contact.swift; sourceTree = "<group>"; };
		D76129DB215E7C6A00E763E5 /* ContactController.swift */ = {isa = PBXFileReference; lastKnownFileType = sourcecode.swift; path = ContactController.swift; sourceTree = "<group>"; };
		D76129DD215E865F00E763E5 /* ContactDetailView.swift */ = {isa = PBXFileReference; lastKnownFileType = sourcecode.swift; path = ContactDetailView.swift; sourceTree = "<group>"; };
/* End PBXFileReference section */

/* Begin PBXFrameworksBuildPhase section */
		D76129B9215E7C1200E763E5 /* Frameworks */ = {
			isa = PBXFrameworksBuildPhase;
			buildActionMask = 2147483647;
			files = (
				D76129D4215E7C2C00E763E5 /* CloudKit.framework in Frameworks */,
			);
			runOnlyForDeploymentPostprocessing = 0;
		};
/* End PBXFrameworksBuildPhase section */

/* Begin PBXGroup section */
		D76129B3215E7C1200E763E5 = {
			isa = PBXGroup;
			children = (
				D76129BE215E7C1200E763E5 /* Contacts */,
				D76129BD215E7C1200E763E5 /* Products */,
				D76129D2215E7C2C00E763E5 /* Frameworks */,
			);
			sourceTree = "<group>";
		};
		D76129BD215E7C1200E763E5 /* Products */ = {
			isa = PBXGroup;
			children = (
				D76129BC215E7C1200E763E5 /* Contacts.app */,
			);
			name = Products;
			sourceTree = "<group>";
		};
		D76129BE215E7C1200E763E5 /* Contacts */ = {
			isa = PBXGroup;
			children = (
				D76129D1215E7C2A00E763E5 /* Contacts.entitlements */,
				D76129BF215E7C1200E763E5 /* AppDelegate.swift */,
				D76129E1215EA6F700E763E5 /* Model */,
				D76129E2215EA70200E763E5 /* ModelController */,
				D76129E3215EA70A00E763E5 /* ViewController */,
				D76129E4215EA71200E763E5 /* View */,
				D76129E6215EA74B00E763E5 /* Resources */,
			);
			path = Contacts;
			sourceTree = "<group>";
		};
		D76129D2215E7C2C00E763E5 /* Frameworks */ = {
			isa = PBXGroup;
			children = (
				D76129D3215E7C2C00E763E5 /* CloudKit.framework */,
			);
			name = Frameworks;
			sourceTree = "<group>";
		};
		D76129E1215EA6F700E763E5 /* Model */ = {
			isa = PBXGroup;
			children = (
				D76129D9215E7C5F00E763E5 /* Contact.swift */,
			);
			path = Model;
			sourceTree = "<group>";
		};
		D76129E2215EA70200E763E5 /* ModelController */ = {
			isa = PBXGroup;
			children = (
				D76129DB215E7C6A00E763E5 /* ContactController.swift */,
			);
			path = ModelController;
			sourceTree = "<group>";
		};
		D76129E3215EA70A00E763E5 /* ViewController */ = {
			isa = PBXGroup;
			children = (
				D76129D5215E7C4300E763E5 /* ContactsListViewController.swift */,
				D76129D7215E7C4C00E763E5 /* ContactDetailViewController.swift */,
			);
			path = ViewController;
			sourceTree = "<group>";
		};
		D76129E4215EA71200E763E5 /* View */ = {
			isa = PBXGroup;
			children = (
				D76129DD215E865F00E763E5 /* ContactDetailView.swift */,
			);
			path = View;
			sourceTree = "<group>";
		};
		D76129E6215EA74B00E763E5 /* Resources */ = {
			isa = PBXGroup;
			children = (
				D76129C3215E7C1200E763E5 /* Main.storyboard */,
				D76129C6215E7C1300E763E5 /* Assets.xcassets */,
				D76129C8215E7C1300E763E5 /* LaunchScreen.storyboard */,
				D76129CB215E7C1300E763E5 /* Info.plist */,
			);
			path = Resources;
			sourceTree = "<group>";
		};
/* End PBXGroup section */

/* Begin PBXNativeTarget section */
		D76129BB215E7C1200E763E5 /* Contacts */ = {
			isa = PBXNativeTarget;
			buildConfigurationList = D76129CE215E7C1300E763E5 /* Build configuration list for PBXNativeTarget "Contacts" */;
			buildPhases = (
				D76129B8215E7C1200E763E5 /* Sources */,
				D76129B9215E7C1200E763E5 /* Frameworks */,
				D76129BA215E7C1200E763E5 /* Resources */,
			);
			buildRules = (
			);
			dependencies = (
			);
			name = Contacts;
			productName = Contacts;
			productReference = D76129BC215E7C1200E763E5 /* Contacts.app */;
			productType = "com.apple.product-type.application";
		};
/* End PBXNativeTarget section */

/* Begin PBXProject section */
		D76129B4215E7C1200E763E5 /* Project object */ = {
			isa = PBXProject;
			attributes = {
				LastSwiftUpdateCheck = 1000;
				LastUpgradeCheck = 1000;
				ORGANIZATIONNAME = "Jason Goodney";
				TargetAttributes = {
					D76129BB215E7C1200E763E5 = {
						CreatedOnToolsVersion = 10.0;
						SystemCapabilities = {
							com.apple.Push = {
								enabled = 1;
							};
							com.apple.iCloud = {
								enabled = 1;
							};
						};
					};
				};
			};
			buildConfigurationList = D76129B7215E7C1200E763E5 /* Build configuration list for PBXProject "Contacts" */;
			compatibilityVersion = "Xcode 9.3";
			developmentRegion = en;
			hasScannedForEncodings = 0;
			knownRegions = (
				en,
				Base,
			);
			mainGroup = D76129B3215E7C1200E763E5;
			productRefGroup = D76129BD215E7C1200E763E5 /* Products */;
			projectDirPath = "";
			projectRoot = "";
			targets = (
				D76129BB215E7C1200E763E5 /* Contacts */,
			);
		};
/* End PBXProject section */

/* Begin PBXResourcesBuildPhase section */
		D76129BA215E7C1200E763E5 /* Resources */ = {
			isa = PBXResourcesBuildPhase;
			buildActionMask = 2147483647;
			files = (
				D76129CA215E7C1300E763E5 /* LaunchScreen.storyboard in Resources */,
				D76129C7215E7C1300E763E5 /* Assets.xcassets in Resources */,
				D76129C5215E7C1200E763E5 /* Main.storyboard in Resources */,
			);
			runOnlyForDeploymentPostprocessing = 0;
		};
/* End PBXResourcesBuildPhase section */

/* Begin PBXSourcesBuildPhase section */
		D76129B8215E7C1200E763E5 /* Sources */ = {
			isa = PBXSourcesBuildPhase;
			buildActionMask = 2147483647;
			files = (
				D76129DE215E865F00E763E5 /* ContactDetailView.swift in Sources */,
				D76129DA215E7C5F00E763E5 /* Contact.swift in Sources */,
				D76129DC215E7C6A00E763E5 /* ContactController.swift in Sources */,
				D76129D6215E7C4300E763E5 /* ContactsListViewController.swift in Sources */,
				D76129D8215E7C4C00E763E5 /* ContactDetailViewController.swift in Sources */,
				D76129C0215E7C1200E763E5 /* AppDelegate.swift in Sources */,
			);
			runOnlyForDeploymentPostprocessing = 0;
		};
/* End PBXSourcesBuildPhase section */

/* Begin PBXVariantGroup section */
		D76129C3215E7C1200E763E5 /* Main.storyboard */ = {
			isa = PBXVariantGroup;
			children = (
				D76129C4215E7C1200E763E5 /* Base */,
			);
			name = Main.storyboard;
			sourceTree = "<group>";
		};
		D76129C8215E7C1300E763E5 /* LaunchScreen.storyboard */ = {
			isa = PBXVariantGroup;
			children = (
				D76129C9215E7C1300E763E5 /* Base */,
			);
			name = LaunchScreen.storyboard;
			sourceTree = "<group>";
		};
/* End PBXVariantGroup section */

/* Begin XCBuildConfiguration section */
		D76129CC215E7C1300E763E5 /* Debug */ = {
			isa = XCBuildConfiguration;
			buildSettings = {
				ALWAYS_SEARCH_USER_PATHS = NO;
				CLANG_ANALYZER_NONNULL = YES;
				CLANG_ANALYZER_NUMBER_OBJECT_CONVERSION = YES_AGGRESSIVE;
				CLANG_CXX_LANGUAGE_STANDARD = "gnu++14";
				CLANG_CXX_LIBRARY = "libc++";
				CLANG_ENABLE_MODULES = YES;
				CLANG_ENABLE_OBJC_ARC = YES;
				CLANG_ENABLE_OBJC_WEAK = YES;
				CLANG_WARN_BLOCK_CAPTURE_AUTORELEASING = YES;
				CLANG_WARN_BOOL_CONVERSION = YES;
				CLANG_WARN_COMMA = YES;
				CLANG_WARN_CONSTANT_CONVERSION = YES;
				CLANG_WARN_DEPRECATED_OBJC_IMPLEMENTATIONS = YES;
				CLANG_WARN_DIRECT_OBJC_ISA_USAGE = YES_ERROR;
				CLANG_WARN_DOCUMENTATION_COMMENTS = YES;
				CLANG_WARN_EMPTY_BODY = YES;
				CLANG_WARN_ENUM_CONVERSION = YES;
				CLANG_WARN_INFINITE_RECURSION = YES;
				CLANG_WARN_INT_CONVERSION = YES;
				CLANG_WARN_NON_LITERAL_NULL_CONVERSION = YES;
				CLANG_WARN_OBJC_IMPLICIT_RETAIN_SELF = YES;
				CLANG_WARN_OBJC_LITERAL_CONVERSION = YES;
				CLANG_WARN_OBJC_ROOT_CLASS = YES_ERROR;
				CLANG_WARN_RANGE_LOOP_ANALYSIS = YES;
				CLANG_WARN_STRICT_PROTOTYPES = YES;
				CLANG_WARN_SUSPICIOUS_MOVE = YES;
				CLANG_WARN_UNGUARDED_AVAILABILITY = YES_AGGRESSIVE;
				CLANG_WARN_UNREACHABLE_CODE = YES;
				CLANG_WARN__DUPLICATE_METHOD_MATCH = YES;
				CODE_SIGN_IDENTITY = "iPhone Developer";
				COPY_PHASE_STRIP = NO;
				DEBUG_INFORMATION_FORMAT = dwarf;
				ENABLE_STRICT_OBJC_MSGSEND = YES;
				ENABLE_TESTABILITY = YES;
				GCC_C_LANGUAGE_STANDARD = gnu11;
				GCC_DYNAMIC_NO_PIC = NO;
				GCC_NO_COMMON_BLOCKS = YES;
				GCC_OPTIMIZATION_LEVEL = 0;
				GCC_PREPROCESSOR_DEFINITIONS = (
					"DEBUG=1",
					"$(inherited)",
				);
				GCC_WARN_64_TO_32_BIT_CONVERSION = YES;
				GCC_WARN_ABOUT_RETURN_TYPE = YES_ERROR;
				GCC_WARN_UNDECLARED_SELECTOR = YES;
				GCC_WARN_UNINITIALIZED_AUTOS = YES_AGGRESSIVE;
				GCC_WARN_UNUSED_FUNCTION = YES;
				GCC_WARN_UNUSED_VARIABLE = YES;
				IPHONEOS_DEPLOYMENT_TARGET = 12.0;
				MTL_ENABLE_DEBUG_INFO = INCLUDE_SOURCE;
				MTL_FAST_MATH = YES;
				ONLY_ACTIVE_ARCH = YES;
				SDKROOT = iphoneos;
				SWIFT_ACTIVE_COMPILATION_CONDITIONS = DEBUG;
				SWIFT_OPTIMIZATION_LEVEL = "-Onone";
			};
			name = Debug;
		};
		D76129CD215E7C1300E763E5 /* Release */ = {
			isa = XCBuildConfiguration;
			buildSettings = {
				ALWAYS_SEARCH_USER_PATHS = NO;
				CLANG_ANALYZER_NONNULL = YES;
				CLANG_ANALYZER_NUMBER_OBJECT_CONVERSION = YES_AGGRESSIVE;
				CLANG_CXX_LANGUAGE_STANDARD = "gnu++14";
				CLANG_CXX_LIBRARY = "libc++";
				CLANG_ENABLE_MODULES = YES;
				CLANG_ENABLE_OBJC_ARC = YES;
				CLANG_ENABLE_OBJC_WEAK = YES;
				CLANG_WARN_BLOCK_CAPTURE_AUTORELEASING = YES;
				CLANG_WARN_BOOL_CONVERSION = YES;
				CLANG_WARN_COMMA = YES;
				CLANG_WARN_CONSTANT_CONVERSION = YES;
				CLANG_WARN_DEPRECATED_OBJC_IMPLEMENTATIONS = YES;
				CLANG_WARN_DIRECT_OBJC_ISA_USAGE = YES_ERROR;
				CLANG_WARN_DOCUMENTATION_COMMENTS = YES;
				CLANG_WARN_EMPTY_BODY = YES;
				CLANG_WARN_ENUM_CONVERSION = YES;
				CLANG_WARN_INFINITE_RECURSION = YES;
				CLANG_WARN_INT_CONVERSION = YES;
				CLANG_WARN_NON_LITERAL_NULL_CONVERSION = YES;
				CLANG_WARN_OBJC_IMPLICIT_RETAIN_SELF = YES;
				CLANG_WARN_OBJC_LITERAL_CONVERSION = YES;
				CLANG_WARN_OBJC_ROOT_CLASS = YES_ERROR;
				CLANG_WARN_RANGE_LOOP_ANALYSIS = YES;
				CLANG_WARN_STRICT_PROTOTYPES = YES;
				CLANG_WARN_SUSPICIOUS_MOVE = YES;
				CLANG_WARN_UNGUARDED_AVAILABILITY = YES_AGGRESSIVE;
				CLANG_WARN_UNREACHABLE_CODE = YES;
				CLANG_WARN__DUPLICATE_METHOD_MATCH = YES;
				CODE_SIGN_IDENTITY = "iPhone Developer";
				COPY_PHASE_STRIP = NO;
				DEBUG_INFORMATION_FORMAT = "dwarf-with-dsym";
				ENABLE_NS_ASSERTIONS = NO;
				ENABLE_STRICT_OBJC_MSGSEND = YES;
				GCC_C_LANGUAGE_STANDARD = gnu11;
				GCC_NO_COMMON_BLOCKS = YES;
				GCC_WARN_64_TO_32_BIT_CONVERSION = YES;
				GCC_WARN_ABOUT_RETURN_TYPE = YES_ERROR;
				GCC_WARN_UNDECLARED_SELECTOR = YES;
				GCC_WARN_UNINITIALIZED_AUTOS = YES_AGGRESSIVE;
				GCC_WARN_UNUSED_FUNCTION = YES;
				GCC_WARN_UNUSED_VARIABLE = YES;
				IPHONEOS_DEPLOYMENT_TARGET = 12.0;
				MTL_ENABLE_DEBUG_INFO = NO;
				MTL_FAST_MATH = YES;
				SDKROOT = iphoneos;
				SWIFT_COMPILATION_MODE = wholemodule;
				SWIFT_OPTIMIZATION_LEVEL = "-O";
				VALIDATE_PRODUCT = YES;
			};
			name = Release;
		};
		D76129CF215E7C1300E763E5 /* Debug */ = {
			isa = XCBuildConfiguration;
			buildSettings = {
				ASSETCATALOG_COMPILER_APPICON_NAME = AppIcon;
				CODE_SIGN_ENTITLEMENTS = Contacts/Contacts.entitlements;
				CODE_SIGN_STYLE = Automatic;
				DEVELOPMENT_TEAM = K2R548H5LT;
				INFOPLIST_FILE = "$(SRCROOT)/Contacts/Resources/Info.plist";
				LD_RUNPATH_SEARCH_PATHS = (
					"$(inherited)",
					"@executable_path/Frameworks",
				);
				PRODUCT_BUNDLE_IDENTIFIER = com.jasongoodney.Contacts;
				PRODUCT_NAME = "$(TARGET_NAME)";
				SWIFT_VERSION = 4.2;
				TARGETED_DEVICE_FAMILY = "1,2";
			};
			name = Debug;
		};
		D76129D0215E7C1300E763E5 /* Release */ = {
			isa = XCBuildConfiguration;
			buildSettings = {
				ASSETCATALOG_COMPILER_APPICON_NAME = AppIcon;
				CODE_SIGN_ENTITLEMENTS = Contacts/Contacts.entitlements;
				CODE_SIGN_STYLE = Automatic;
				DEVELOPMENT_TEAM = K2R548H5LT;
				INFOPLIST_FILE = "$(SRCROOT)/Contacts/Resources/Info.plist";
				LD_RUNPATH_SEARCH_PATHS = (
					"$(inherited)",
					"@executable_path/Frameworks",
				);
				PRODUCT_BUNDLE_IDENTIFIER = com.jasongoodney.Contacts;
				PRODUCT_NAME = "$(TARGET_NAME)";
				SWIFT_VERSION = 4.2;
				TARGETED_DEVICE_FAMILY = "1,2";
			};
			name = Release;
		};
/* End XCBuildConfiguration section */

/* Begin XCConfigurationList section */
		D76129B7215E7C1200E763E5 /* Build configuration list for PBXProject "Contacts" */ = {
			isa = XCConfigurationList;
			buildConfigurations = (
				D76129CC215E7C1300E763E5 /* Debug */,
				D76129CD215E7C1300E763E5 /* Release */,
			);
			defaultConfigurationIsVisible = 0;
			defaultConfigurationName = Release;
		};
		D76129CE215E7C1300E763E5 /* Build configuration list for PBXNativeTarget "Contacts" */ = {
			isa = XCConfigurationList;
			buildConfigurations = (
				D76129CF215E7C1300E763E5 /* Debug */,
				D76129D0215E7C1300E763E5 /* Release */,
			);
			defaultConfigurationIsVisible = 0;
			defaultConfigurationName = Release;
		};
/* End XCConfigurationList section */
	};
	rootObject = D76129B4215E7C1200E763E5 /* Project object */;
}
